// !$*UTF8*$!
{
	archiveVersion = 1;
	classes = {
	};
	objectVersion = 56;
	objects = {

/* Begin PBXBuildFile section */
		5E5B90932B6D532700936D16 /* LandmarksApp.swift in Sources */ = {isa = PBXBuildFile; fileRef = 5E5B90922B6D532700936D16 /* LandmarksApp.swift */; };
		5E5B90952B6D532700936D16 /* ContentView.swift in Sources */ = {isa = PBXBuildFile; fileRef = 5E5B90942B6D532700936D16 /* ContentView.swift */; };
		5E5B90972B6D532900936D16 /* Assets.xcassets in Resources */ = {isa = PBXBuildFile; fileRef = 5E5B90962B6D532900936D16 /* Assets.xcassets */; };
		5E5B909A2B6D532900936D16 /* Preview Assets.xcassets in Resources */ = {isa = PBXBuildFile; fileRef = 5E5B90992B6D532900936D16 /* Preview Assets.xcassets */; };
		5E5B90A12B6D5A4300936D16 /* CircleImage.swift in Sources */ = {isa = PBXBuildFile; fileRef = 5E5B90A02B6D5A4300936D16 /* CircleImage.swift */; };
		5E5B90A32B6D5C2F00936D16 /* MapView.swift in Sources */ = {isa = PBXBuildFile; fileRef = 5E5B90A22B6D5C2F00936D16 /* MapView.swift */; };
		5E5B90A52B6D72C700936D16 /* landmarkData.json in Resources */ = {isa = PBXBuildFile; fileRef = 5E5B90A42B6D72C700936D16 /* landmarkData.json */; };
		5E5B90A72B6D72F400936D16 /* Landmark.swift in Sources */ = {isa = PBXBuildFile; fileRef = 5E5B90A62B6D72F400936D16 /* Landmark.swift */; };
		5E5B90A92B6D748900936D16 /* ModelData.swift in Sources */ = {isa = PBXBuildFile; fileRef = 5E5B90A82B6D748900936D16 /* ModelData.swift */; };
		5E5B90AE2B6D76D500936D16 /* LandmarkRow.swift in Sources */ = {isa = PBXBuildFile; fileRef = 5E5B90AD2B6D76D500936D16 /* LandmarkRow.swift */; };
		5E5B90B02B6D788300936D16 /* LandmarkList.swift in Sources */ = {isa = PBXBuildFile; fileRef = 5E5B90AF2B6D788300936D16 /* LandmarkList.swift */; };
		5E5B90B22B6D79C700936D16 /* LandmarkDetail.swift in Sources */ = {isa = PBXBuildFile; fileRef = 5E5B90B12B6D79C700936D16 /* LandmarkDetail.swift */; };
		5E5B90B42B6EA09D00936D16 /* FavoriteButton.swift in Sources */ = {isa = PBXBuildFile; fileRef = 5E5B90B32B6EA09D00936D16 /* FavoriteButton.swift */; };
		5E5B90B82B6EB6C800936D16 /* HexagonParameters.swift in Sources */ = {isa = PBXBuildFile; fileRef = 5E5B90B72B6EB6C800936D16 /* HexagonParameters.swift */; };
		5E5B90BA2B6EB84F00936D16 /* BadgeBackground.swift in Sources */ = {isa = PBXBuildFile; fileRef = 5E5B90B92B6EB84F00936D16 /* BadgeBackground.swift */; };
		5E5B90BC2B6EBC2300936D16 /* BadgeSymbol.swift in Sources */ = {isa = PBXBuildFile; fileRef = 5E5B90BB2B6EBC2300936D16 /* BadgeSymbol.swift */; };
		5E5B90BE2B6EBD2100936D16 /* RotatedBadgeSymbol.swift in Sources */ = {isa = PBXBuildFile; fileRef = 5E5B90BD2B6EBD2100936D16 /* RotatedBadgeSymbol.swift */; };
		5E5B90C02B6ED64100936D16 /* Badge.swift in Sources */ = {isa = PBXBuildFile; fileRef = 5E5B90BF2B6ED64100936D16 /* Badge.swift */; };
		5E5B90C52B6EE15500936D16 /* hikeData.json in Resources */ = {isa = PBXBuildFile; fileRef = 5E5B90C42B6EE15500936D16 /* hikeData.json */; };
		5E5B90C72B6EE18600936D16 /* Hike.swift in Sources */ = {isa = PBXBuildFile; fileRef = 5E5B90C62B6EE18600936D16 /* Hike.swift */; };
		5E5B90CD2B6EE1F600936D16 /* GraphCapsule.swift in Sources */ = {isa = PBXBuildFile; fileRef = 5E5B90C92B6EE1F600936D16 /* GraphCapsule.swift */; };
		5E5B90CE2B6EE1F600936D16 /* HikeGraph.swift in Sources */ = {isa = PBXBuildFile; fileRef = 5E5B90CA2B6EE1F600936D16 /* HikeGraph.swift */; };
		5E5B90CF2B6EE1F600936D16 /* HikeDetail.swift in Sources */ = {isa = PBXBuildFile; fileRef = 5E5B90CB2B6EE1F600936D16 /* HikeDetail.swift */; };
		5E5B90D02B6EE1F600936D16 /* HikeView.swift in Sources */ = {isa = PBXBuildFile; fileRef = 5E5B90CC2B6EE1F600936D16 /* HikeView.swift */; };
		5E5B90D32B6F156300936D16 /* CategoryHome.swift in Sources */ = {isa = PBXBuildFile; fileRef = 5E5B90D22B6F156300936D16 /* CategoryHome.swift */; };
		5E5B90D52B6F17F500936D16 /* CategoryRow.swift in Sources */ = {isa = PBXBuildFile; fileRef = 5E5B90D42B6F17F500936D16 /* CategoryRow.swift */; };
		5E5B90D72B6F19D000936D16 /* CategoryItem.swift in Sources */ = {isa = PBXBuildFile; fileRef = 5E5B90D62B6F19D000936D16 /* CategoryItem.swift */; };
		5E5B90D92B6F209C00936D16 /* Profile.swift in Sources */ = {isa = PBXBuildFile; fileRef = 5E5B90D82B6F209C00936D16 /* Profile.swift */; };
		5E5B90DC2B6F214100936D16 /* ProfileHost.swift in Sources */ = {isa = PBXBuildFile; fileRef = 5E5B90DB2B6F214100936D16 /* ProfileHost.swift */; };
		5E5B90DE2B6F21A300936D16 /* ProfileSummary.swift in Sources */ = {isa = PBXBuildFile; fileRef = 5E5B90DD2B6F21A300936D16 /* ProfileSummary.swift */; };
		5E5B90E02B6F3DF900936D16 /* HikeBadge.swift in Sources */ = {isa = PBXBuildFile; fileRef = 5E5B90DF2B6F3DF900936D16 /* HikeBadge.swift */; };
		5E5B90E22B6F42D800936D16 /* ProfileEditor.swift in Sources */ = {isa = PBXBuildFile; fileRef = 5E5B90E12B6F42D800936D16 /* ProfileEditor.swift */; };
/* End PBXBuildFile section */

/* Begin PBXFileReference section */
		5E5B908F2B6D532700936D16 /* Landmarks.app */ = {isa = PBXFileReference; explicitFileType = wrapper.application; includeInIndex = 0; path = Landmarks.app; sourceTree = BUILT_PRODUCTS_DIR; };
		5E5B90922B6D532700936D16 /* LandmarksApp.swift */ = {isa = PBXFileReference; lastKnownFileType = sourcecode.swift; path = LandmarksApp.swift; sourceTree = "<group>"; };
		5E5B90942B6D532700936D16 /* ContentView.swift */ = {isa = PBXFileReference; lastKnownFileType = sourcecode.swift; path = ContentView.swift; sourceTree = "<group>"; };
		5E5B90962B6D532900936D16 /* Assets.xcassets */ = {isa = PBXFileReference; lastKnownFileType = folder.assetcatalog; path = Assets.xcassets; sourceTree = "<group>"; };
		5E5B90992B6D532900936D16 /* Preview Assets.xcassets */ = {isa = PBXFileReference; lastKnownFileType = folder.assetcatalog; path = "Preview Assets.xcassets"; sourceTree = "<group>"; };
		5E5B90A02B6D5A4300936D16 /* CircleImage.swift */ = {isa = PBXFileReference; lastKnownFileType = sourcecode.swift; path = CircleImage.swift; sourceTree = "<group>"; };
		5E5B90A22B6D5C2F00936D16 /* MapView.swift */ = {isa = PBXFileReference; lastKnownFileType = sourcecode.swift; path = MapView.swift; sourceTree = "<group>"; };
		5E5B90A42B6D72C700936D16 /* landmarkData.json */ = {isa = PBXFileReference; fileEncoding = 4; lastKnownFileType = text.json; path = landmarkData.json; sourceTree = "<group>"; };
		5E5B90A62B6D72F400936D16 /* Landmark.swift */ = {isa = PBXFileReference; lastKnownFileType = sourcecode.swift; path = Landmark.swift; sourceTree = "<group>"; };
		5E5B90A82B6D748900936D16 /* ModelData.swift */ = {isa = PBXFileReference; lastKnownFileType = sourcecode.swift; path = ModelData.swift; sourceTree = "<group>"; };
		5E5B90AD2B6D76D500936D16 /* LandmarkRow.swift */ = {isa = PBXFileReference; lastKnownFileType = sourcecode.swift; path = LandmarkRow.swift; sourceTree = "<group>"; };
		5E5B90AF2B6D788300936D16 /* LandmarkList.swift */ = {isa = PBXFileReference; lastKnownFileType = sourcecode.swift; path = LandmarkList.swift; sourceTree = "<group>"; };
		5E5B90B12B6D79C700936D16 /* LandmarkDetail.swift */ = {isa = PBXFileReference; lastKnownFileType = sourcecode.swift; path = LandmarkDetail.swift; sourceTree = "<group>"; };
		5E5B90B32B6EA09D00936D16 /* FavoriteButton.swift */ = {isa = PBXFileReference; lastKnownFileType = sourcecode.swift; path = FavoriteButton.swift; sourceTree = "<group>"; };
		5E5B90B72B6EB6C800936D16 /* HexagonParameters.swift */ = {isa = PBXFileReference; lastKnownFileType = sourcecode.swift; path = HexagonParameters.swift; sourceTree = "<group>"; };
		5E5B90B92B6EB84F00936D16 /* BadgeBackground.swift */ = {isa = PBXFileReference; lastKnownFileType = sourcecode.swift; path = BadgeBackground.swift; sourceTree = "<group>"; };
		5E5B90BB2B6EBC2300936D16 /* BadgeSymbol.swift */ = {isa = PBXFileReference; lastKnownFileType = sourcecode.swift; path = BadgeSymbol.swift; sourceTree = "<group>"; };
		5E5B90BD2B6EBD2100936D16 /* RotatedBadgeSymbol.swift */ = {isa = PBXFileReference; lastKnownFileType = sourcecode.swift; path = RotatedBadgeSymbol.swift; sourceTree = "<group>"; };
		5E5B90BF2B6ED64100936D16 /* Badge.swift */ = {isa = PBXFileReference; lastKnownFileType = sourcecode.swift; path = Badge.swift; sourceTree = "<group>"; };
		5E5B90C42B6EE15500936D16 /* hikeData.json */ = {isa = PBXFileReference; fileEncoding = 4; lastKnownFileType = text.json; path = hikeData.json; sourceTree = "<group>"; };
		5E5B90C62B6EE18600936D16 /* Hike.swift */ = {isa = PBXFileReference; lastKnownFileType = sourcecode.swift; path = Hike.swift; sourceTree = "<group>"; };
		5E5B90C92B6EE1F600936D16 /* GraphCapsule.swift */ = {isa = PBXFileReference; fileEncoding = 4; lastKnownFileType = sourcecode.swift; path = GraphCapsule.swift; sourceTree = "<group>"; };
		5E5B90CA2B6EE1F600936D16 /* HikeGraph.swift */ = {isa = PBXFileReference; fileEncoding = 4; lastKnownFileType = sourcecode.swift; path = HikeGraph.swift; sourceTree = "<group>"; };
		5E5B90CB2B6EE1F600936D16 /* HikeDetail.swift */ = {isa = PBXFileReference; fileEncoding = 4; lastKnownFileType = sourcecode.swift; path = HikeDetail.swift; sourceTree = "<group>"; };
		5E5B90CC2B6EE1F600936D16 /* HikeView.swift */ = {isa = PBXFileReference; fileEncoding = 4; lastKnownFileType = sourcecode.swift; path = HikeView.swift; sourceTree = "<group>"; };
		5E5B90D22B6F156300936D16 /* CategoryHome.swift */ = {isa = PBXFileReference; lastKnownFileType = sourcecode.swift; path = CategoryHome.swift; sourceTree = "<group>"; };
		5E5B90D42B6F17F500936D16 /* CategoryRow.swift */ = {isa = PBXFileReference; lastKnownFileType = sourcecode.swift; path = CategoryRow.swift; sourceTree = "<group>"; };
		5E5B90D62B6F19D000936D16 /* CategoryItem.swift */ = {isa = PBXFileReference; lastKnownFileType = sourcecode.swift; path = CategoryItem.swift; sourceTree = "<group>"; };
		5E5B90D82B6F209C00936D16 /* Profile.swift */ = {isa = PBXFileReference; lastKnownFileType = sourcecode.swift; path = Profile.swift; sourceTree = "<group>"; };
		5E5B90DB2B6F214100936D16 /* ProfileHost.swift */ = {isa = PBXFileReference; lastKnownFileType = sourcecode.swift; path = ProfileHost.swift; sourceTree = "<group>"; };
		5E5B90DD2B6F21A300936D16 /* ProfileSummary.swift */ = {isa = PBXFileReference; lastKnownFileType = sourcecode.swift; path = ProfileSummary.swift; sourceTree = "<group>"; };
		5E5B90DF2B6F3DF900936D16 /* HikeBadge.swift */ = {isa = PBXFileReference; lastKnownFileType = sourcecode.swift; path = HikeBadge.swift; sourceTree = "<group>"; };
		5E5B90E12B6F42D800936D16 /* ProfileEditor.swift */ = {isa = PBXFileReference; lastKnownFileType = sourcecode.swift; path = ProfileEditor.swift; sourceTree = "<group>"; };
/* End PBXFileReference section */

/* Begin PBXFrameworksBuildPhase section */
		5E5B908C2B6D532700936D16 /* Frameworks */ = {
			isa = PBXFrameworksBuildPhase;
			buildActionMask = 2147483647;
			files = (
			);
			runOnlyForDeploymentPostprocessing = 0;
		};
/* End PBXFrameworksBuildPhase section */

/* Begin PBXGroup section */
		5E5B90862B6D532700936D16 = {
			isa = PBXGroup;
			children = (
				5E5B90912B6D532700936D16 /* Landmarks */,
				5E5B90902B6D532700936D16 /* Products */,
			);
			sourceTree = "<group>";
		};
		5E5B90902B6D532700936D16 /* Products */ = {
			isa = PBXGroup;
			children = (
				5E5B908F2B6D532700936D16 /* Landmarks.app */,
			);
			name = Products;
			sourceTree = "<group>";
		};
		5E5B90912B6D532700936D16 /* Landmarks */ = {
			isa = PBXGroup;
			children = (
				5E5B90922B6D532700936D16 /* LandmarksApp.swift */,
				5E5B90AC2B6D75C100936D16 /* Model */,
				5E5B90962B6D532900936D16 /* Assets.xcassets */,
				5E5B90AB2B6D758600936D16 /* Resources */,
				5E5B90AA2B6D753800936D16 /* Views */,
				5E5B90982B6D532900936D16 /* Preview Content */,
			);
			path = Landmarks;
			sourceTree = "<group>";
		};
		5E5B90982B6D532900936D16 /* Preview Content */ = {
			isa = PBXGroup;
			children = (
				5E5B90992B6D532900936D16 /* Preview Assets.xcassets */,
			);
			path = "Preview Content";
			sourceTree = "<group>";
		};
		5E5B90AA2B6D753800936D16 /* Views */ = {
			isa = PBXGroup;
			children = (
				5E5B90DA2B6F211100936D16 /* Profiles */,
				5E5B90942B6D532700936D16 /* ContentView.swift */,
				5E5B90D12B6F153B00936D16 /* Categories */,
				5E5B90C82B6EE1F600936D16 /* Hikes */,
				5E5B90C12B6ED7D600936D16 /* Badges */,
				5E5B90B62B6EA26F00936D16 /* Landmarks */,
				5E5B90B52B6EA25B00936D16 /* Helper */,
			);
			path = Views;
			sourceTree = "<group>";
		};
		5E5B90AB2B6D758600936D16 /* Resources */ = {
			isa = PBXGroup;
			children = (
				5E5B90C42B6EE15500936D16 /* hikeData.json */,
				5E5B90A42B6D72C700936D16 /* landmarkData.json */,
			);
			path = Resources;
			sourceTree = "<group>";
		};
		5E5B90AC2B6D75C100936D16 /* Model */ = {
			isa = PBXGroup;
			children = (
				5E5B90A82B6D748900936D16 /* ModelData.swift */,
				5E5B90A62B6D72F400936D16 /* Landmark.swift */,
				5E5B90C62B6EE18600936D16 /* Hike.swift */,
				5E5B90D82B6F209C00936D16 /* Profile.swift */,
			);
			path = Model;
			sourceTree = "<group>";
		};
		5E5B90B52B6EA25B00936D16 /* Helper */ = {
			isa = PBXGroup;
			children = (
				5E5B90B32B6EA09D00936D16 /* FavoriteButton.swift */,
				5E5B90A22B6D5C2F00936D16 /* MapView.swift */,
				5E5B90A02B6D5A4300936D16 /* CircleImage.swift */,
			);
			path = Helper;
			sourceTree = "<group>";
		};
		5E5B90B62B6EA26F00936D16 /* Landmarks */ = {
			isa = PBXGroup;
			children = (
				5E5B90B12B6D79C700936D16 /* LandmarkDetail.swift */,
				5E5B90AF2B6D788300936D16 /* LandmarkList.swift */,
				5E5B90AD2B6D76D500936D16 /* LandmarkRow.swift */,
			);
			path = Landmarks;
			sourceTree = "<group>";
		};
		5E5B90C12B6ED7D600936D16 /* Badges */ = {
			isa = PBXGroup;
			children = (
				5E5B90B72B6EB6C800936D16 /* HexagonParameters.swift */,
				5E5B90B92B6EB84F00936D16 /* BadgeBackground.swift */,
				5E5B90BB2B6EBC2300936D16 /* BadgeSymbol.swift */,
				5E5B90BD2B6EBD2100936D16 /* RotatedBadgeSymbol.swift */,
				5E5B90BF2B6ED64100936D16 /* Badge.swift */,
			);
			path = Badges;
			sourceTree = "<group>";
		};
		5E5B90C82B6EE1F600936D16 /* Hikes */ = {
			isa = PBXGroup;
			children = (
				5E5B90C92B6EE1F600936D16 /* GraphCapsule.swift */,
				5E5B90CA2B6EE1F600936D16 /* HikeGraph.swift */,
				5E5B90CB2B6EE1F600936D16 /* HikeDetail.swift */,
				5E5B90CC2B6EE1F600936D16 /* HikeView.swift */,
				5E5B90DF2B6F3DF900936D16 /* HikeBadge.swift */,
			);
			path = Hikes;
			sourceTree = "<group>";
		};
		5E5B90D12B6F153B00936D16 /* Categories */ = {
			isa = PBXGroup;
			children = (
				5E5B90D22B6F156300936D16 /* CategoryHome.swift */,
				5E5B90D42B6F17F500936D16 /* CategoryRow.swift */,
				5E5B90D62B6F19D000936D16 /* CategoryItem.swift */,
			);
			path = Categories;
			sourceTree = "<group>";
		};
		5E5B90DA2B6F211100936D16 /* Profiles */ = {
			isa = PBXGroup;
			children = (
				5E5B90DB2B6F214100936D16 /* ProfileHost.swift */,
				5E5B90DD2B6F21A300936D16 /* ProfileSummary.swift */,
				5E5B90E12B6F42D800936D16 /* ProfileEditor.swift */,
			);
			path = Profiles;
			sourceTree = "<group>";
		};
/* End PBXGroup section */

/* Begin PBXNativeTarget section */
		5E5B908E2B6D532700936D16 /* Landmarks */ = {
			isa = PBXNativeTarget;
			buildConfigurationList = 5E5B909D2B6D532900936D16 /* Build configuration list for PBXNativeTarget "Landmarks" */;
			buildPhases = (
				5E5B908B2B6D532700936D16 /* Sources */,
				5E5B908C2B6D532700936D16 /* Frameworks */,
				5E5B908D2B6D532700936D16 /* Resources */,
			);
			buildRules = (
			);
			dependencies = (
			);
			name = Landmarks;
			productName = Landmarks;
			productReference = 5E5B908F2B6D532700936D16 /* Landmarks.app */;
			productType = "com.apple.product-type.application";
		};
/* End PBXNativeTarget section */

/* Begin PBXProject section */
		5E5B90872B6D532700936D16 /* Project object */ = {
			isa = PBXProject;
			attributes = {
				BuildIndependentTargetsInParallel = 1;
				LastSwiftUpdateCheck = 1520;
				LastUpgradeCheck = 1520;
				TargetAttributes = {
					5E5B908E2B6D532700936D16 = {
						CreatedOnToolsVersion = 15.2;
					};
				};
			};
			buildConfigurationList = 5E5B908A2B6D532700936D16 /* Build configuration list for PBXProject "Landmarks" */;
			compatibilityVersion = "Xcode 14.0";
			developmentRegion = en;
			hasScannedForEncodings = 0;
			knownRegions = (
				en,
				Base,
			);
			mainGroup = 5E5B90862B6D532700936D16;
			productRefGroup = 5E5B90902B6D532700936D16 /* Products */;
			projectDirPath = "";
			projectRoot = "";
			targets = (
				5E5B908E2B6D532700936D16 /* Landmarks */,
			);
		};
/* End PBXProject section */

/* Begin PBXResourcesBuildPhase section */
		5E5B908D2B6D532700936D16 /* Resources */ = {
			isa = PBXResourcesBuildPhase;
			buildActionMask = 2147483647;
			files = (
				5E5B90C52B6EE15500936D16 /* hikeData.json in Resources */,
				5E5B909A2B6D532900936D16 /* Preview Assets.xcassets in Resources */,
				5E5B90972B6D532900936D16 /* Assets.xcassets in Resources */,
				5E5B90A52B6D72C700936D16 /* landmarkData.json in Resources */,
			);
			runOnlyForDeploymentPostprocessing = 0;
		};
/* End PBXResourcesBuildPhase section */

/* Begin PBXSourcesBuildPhase section */
		5E5B908B2B6D532700936D16 /* Sources */ = {
			isa = PBXSourcesBuildPhase;
			buildActionMask = 2147483647;
			files = (
				5E5B90D52B6F17F500936D16 /* CategoryRow.swift in Sources */,
				5E5B90D92B6F209C00936D16 /* Profile.swift in Sources */,
				5E5B90952B6D532700936D16 /* ContentView.swift in Sources */,
				5E5B90D32B6F156300936D16 /* CategoryHome.swift in Sources */,
				5E5B90CE2B6EE1F600936D16 /* HikeGraph.swift in Sources */,
				5E5B90C02B6ED64100936D16 /* Badge.swift in Sources */,
				5E5B90A32B6D5C2F00936D16 /* MapView.swift in Sources */,
				5E5B90CD2B6EE1F600936D16 /* GraphCapsule.swift in Sources */,
				5E5B90932B6D532700936D16 /* LandmarksApp.swift in Sources */,
				5E5B90B42B6EA09D00936D16 /* FavoriteButton.swift in Sources */,
				5E5B90D72B6F19D000936D16 /* CategoryItem.swift in Sources */,
				5E5B90CF2B6EE1F600936D16 /* HikeDetail.swift in Sources */,
				5E5B90DE2B6F21A300936D16 /* ProfileSummary.swift in Sources */,
				5E5B90B82B6EB6C800936D16 /* HexagonParameters.swift in Sources */,
				5E5B90DC2B6F214100936D16 /* ProfileHost.swift in Sources */,
				5E5B90C72B6EE18600936D16 /* Hike.swift in Sources */,
				5E5B90BE2B6EBD2100936D16 /* RotatedBadgeSymbol.swift in Sources */,
				5E5B90BC2B6EBC2300936D16 /* BadgeSymbol.swift in Sources */,
				5E5B90E22B6F42D800936D16 /* ProfileEditor.swift in Sources */,
				5E5B90A12B6D5A4300936D16 /* CircleImage.swift in Sources */,
				5E5B90D02B6EE1F600936D16 /* HikeView.swift in Sources */,
				5E5B90B22B6D79C700936D16 /* LandmarkDetail.swift in Sources */,
				5E5B90BA2B6EB84F00936D16 /* BadgeBackground.swift in Sources */,
				5E5B90E02B6F3DF900936D16 /* HikeBadge.swift in Sources */,
				5E5B90A72B6D72F400936D16 /* Landmark.swift in Sources */,
				5E5B90AE2B6D76D500936D16 /* LandmarkRow.swift in Sources */,
				5E5B90B02B6D788300936D16 /* LandmarkList.swift in Sources */,
				5E5B90A92B6D748900936D16 /* ModelData.swift in Sources */,
			);
			runOnlyForDeploymentPostprocessing = 0;
		};
/* End PBXSourcesBuildPhase section */

/* Begin XCBuildConfiguration section */
		5E5B909B2B6D532900936D16 /* Debug */ = {
			isa = XCBuildConfiguration;
			buildSettings = {
				ALWAYS_SEARCH_USER_PATHS = NO;
				ASSETCATALOG_COMPILER_GENERATE_SWIFT_ASSET_SYMBOL_EXTENSIONS = YES;
				CLANG_ANALYZER_NONNULL = YES;
				CLANG_ANALYZER_NUMBER_OBJECT_CONVERSION = YES_AGGRESSIVE;
				CLANG_CXX_LANGUAGE_STANDARD = "gnu++20";
				CLANG_ENABLE_MODULES = YES;
				CLANG_ENABLE_OBJC_ARC = YES;
				CLANG_ENABLE_OBJC_WEAK = YES;
				CLANG_WARN_BLOCK_CAPTURE_AUTORELEASING = YES;
				CLANG_WARN_BOOL_CONVERSION = YES;
				CLANG_WARN_COMMA = YES;
				CLANG_WARN_CONSTANT_CONVERSION = YES;
				CLANG_WARN_DEPRECATED_OBJC_IMPLEMENTATIONS = YES;
				CLANG_WARN_DIRECT_OBJC_ISA_USAGE = YES_ERROR;
				CLANG_WARN_DOCUMENTATION_COMMENTS = YES;
				CLANG_WARN_EMPTY_BODY = YES;
				CLANG_WARN_ENUM_CONVERSION = YES;
				CLANG_WARN_INFINITE_RECURSION = YES;
				CLANG_WARN_INT_CONVERSION = YES;
				CLANG_WARN_NON_LITERAL_NULL_CONVERSION = YES;
				CLANG_WARN_OBJC_IMPLICIT_RETAIN_SELF = YES;
				CLANG_WARN_OBJC_LITERAL_CONVERSION = YES;
				CLANG_WARN_OBJC_ROOT_CLASS = YES_ERROR;
				CLANG_WARN_QUOTED_INCLUDE_IN_FRAMEWORK_HEADER = YES;
				CLANG_WARN_RANGE_LOOP_ANALYSIS = YES;
				CLANG_WARN_STRICT_PROTOTYPES = YES;
				CLANG_WARN_SUSPICIOUS_MOVE = YES;
				CLANG_WARN_UNGUARDED_AVAILABILITY = YES_AGGRESSIVE;
				CLANG_WARN_UNREACHABLE_CODE = YES;
				CLANG_WARN__DUPLICATE_METHOD_MATCH = YES;
				COPY_PHASE_STRIP = NO;
				DEBUG_INFORMATION_FORMAT = dwarf;
				ENABLE_STRICT_OBJC_MSGSEND = YES;
				ENABLE_TESTABILITY = YES;
				ENABLE_USER_SCRIPT_SANDBOXING = YES;
				GCC_C_LANGUAGE_STANDARD = gnu17;
				GCC_DYNAMIC_NO_PIC = NO;
				GCC_NO_COMMON_BLOCKS = YES;
				GCC_OPTIMIZATION_LEVEL = 0;
				GCC_PREPROCESSOR_DEFINITIONS = (
					"DEBUG=1",
					"$(inherited)",
				);
				GCC_WARN_64_TO_32_BIT_CONVERSION = YES;
				GCC_WARN_ABOUT_RETURN_TYPE = YES_ERROR;
				GCC_WARN_UNDECLARED_SELECTOR = YES;
				GCC_WARN_UNINITIALIZED_AUTOS = YES_AGGRESSIVE;
				GCC_WARN_UNUSED_FUNCTION = YES;
				GCC_WARN_UNUSED_VARIABLE = YES;
				IPHONEOS_DEPLOYMENT_TARGET = 17.2;
				LOCALIZATION_PREFERS_STRING_CATALOGS = YES;
				MTL_ENABLE_DEBUG_INFO = INCLUDE_SOURCE;
				MTL_FAST_MATH = YES;
				ONLY_ACTIVE_ARCH = YES;
				SDKROOT = iphoneos;
				SWIFT_ACTIVE_COMPILATION_CONDITIONS = "DEBUG $(inherited)";
				SWIFT_OPTIMIZATION_LEVEL = "-Onone";
			};
			name = Debug;
		};
		5E5B909C2B6D532900936D16 /* Release */ = {
			isa = XCBuildConfiguration;
			buildSettings = {
				ALWAYS_SEARCH_USER_PATHS = NO;
				ASSETCATALOG_COMPILER_GENERATE_SWIFT_ASSET_SYMBOL_EXTENSIONS = YES;
				CLANG_ANALYZER_NONNULL = YES;
				CLANG_ANALYZER_NUMBER_OBJECT_CONVERSION = YES_AGGRESSIVE;
				CLANG_CXX_LANGUAGE_STANDARD = "gnu++20";
				CLANG_ENABLE_MODULES = YES;
				CLANG_ENABLE_OBJC_ARC = YES;
				CLANG_ENABLE_OBJC_WEAK = YES;
				CLANG_WARN_BLOCK_CAPTURE_AUTORELEASING = YES;
				CLANG_WARN_BOOL_CONVERSION = YES;
				CLANG_WARN_COMMA = YES;
				CLANG_WARN_CONSTANT_CONVERSION = YES;
				CLANG_WARN_DEPRECATED_OBJC_IMPLEMENTATIONS = YES;
				CLANG_WARN_DIRECT_OBJC_ISA_USAGE = YES_ERROR;
				CLANG_WARN_DOCUMENTATION_COMMENTS = YES;
				CLANG_WARN_EMPTY_BODY = YES;
				CLANG_WARN_ENUM_CONVERSION = YES;
				CLANG_WARN_INFINITE_RECURSION = YES;
				CLANG_WARN_INT_CONVERSION = YES;
				CLANG_WARN_NON_LITERAL_NULL_CONVERSION = YES;
				CLANG_WARN_OBJC_IMPLICIT_RETAIN_SELF = YES;
				CLANG_WARN_OBJC_LITERAL_CONVERSION = YES;
				CLANG_WARN_OBJC_ROOT_CLASS = YES_ERROR;
				CLANG_WARN_QUOTED_INCLUDE_IN_FRAMEWORK_HEADER = YES;
				CLANG_WARN_RANGE_LOOP_ANALYSIS = YES;
				CLANG_WARN_STRICT_PROTOTYPES = YES;
				CLANG_WARN_SUSPICIOUS_MOVE = YES;
				CLANG_WARN_UNGUARDED_AVAILABILITY = YES_AGGRESSIVE;
				CLANG_WARN_UNREACHABLE_CODE = YES;
				CLANG_WARN__DUPLICATE_METHOD_MATCH = YES;
				COPY_PHASE_STRIP = NO;
				DEBUG_INFORMATION_FORMAT = "dwarf-with-dsym";
				ENABLE_NS_ASSERTIONS = NO;
				ENABLE_STRICT_OBJC_MSGSEND = YES;
				ENABLE_USER_SCRIPT_SANDBOXING = YES;
				GCC_C_LANGUAGE_STANDARD = gnu17;
				GCC_NO_COMMON_BLOCKS = YES;
				GCC_WARN_64_TO_32_BIT_CONVERSION = YES;
				GCC_WARN_ABOUT_RETURN_TYPE = YES_ERROR;
				GCC_WARN_UNDECLARED_SELECTOR = YES;
				GCC_WARN_UNINITIALIZED_AUTOS = YES_AGGRESSIVE;
				GCC_WARN_UNUSED_FUNCTION = YES;
				GCC_WARN_UNUSED_VARIABLE = YES;
				IPHONEOS_DEPLOYMENT_TARGET = 17.2;
				LOCALIZATION_PREFERS_STRING_CATALOGS = YES;
				MTL_ENABLE_DEBUG_INFO = NO;
				MTL_FAST_MATH = YES;
				SDKROOT = iphoneos;
				SWIFT_COMPILATION_MODE = wholemodule;
				VALIDATE_PRODUCT = YES;
			};
			name = Release;
		};
		5E5B909E2B6D532900936D16 /* Debug */ = {
			isa = XCBuildConfiguration;
			buildSettings = {
				ASSETCATALOG_COMPILER_APPICON_NAME = AppIcon;
				ASSETCATALOG_COMPILER_GLOBAL_ACCENT_COLOR_NAME = AccentColor;
				CODE_SIGN_STYLE = Automatic;
				CURRENT_PROJECT_VERSION = 1;
				DEVELOPMENT_ASSET_PATHS = "\"Landmarks/Preview Content\"";
				DEVELOPMENT_TEAM = YZLRPD47Q8;
				ENABLE_PREVIEWS = YES;
				GENERATE_INFOPLIST_FILE = YES;
				INFOPLIST_KEY_UIApplicationSceneManifest_Generation = YES;
				INFOPLIST_KEY_UIApplicationSupportsIndirectInputEvents = YES;
				INFOPLIST_KEY_UILaunchScreen_Generation = YES;
				INFOPLIST_KEY_UISupportedInterfaceOrientations_iPad = "UIInterfaceOrientationPortrait UIInterfaceOrientationPortraitUpsideDown UIInterfaceOrientationLandscapeLeft UIInterfaceOrientationLandscapeRight";
				INFOPLIST_KEY_UISupportedInterfaceOrientations_iPhone = "UIInterfaceOrientationPortrait UIInterfaceOrientationLandscapeLeft UIInterfaceOrientationLandscapeRight";
				LD_RUNPATH_SEARCH_PATHS = (
					"$(inherited)",
					"@executable_path/Frameworks",
				);
				MARKETING_VERSION = 1.0;
				PRODUCT_BUNDLE_IDENTIFIER = "this-is-ash.Landmarks";
				PRODUCT_NAME = "$(TARGET_NAME)";
				SWIFT_EMIT_LOC_STRINGS = YES;
				SWIFT_VERSION = 5.0;
				TARGETED_DEVICE_FAMILY = "1,2";
			};
			name = Debug;
		};
		5E5B909F2B6D532900936D16 /* Release */ = {
			isa = XCBuildConfiguration;
			buildSettings = {
				ASSETCATALOG_COMPILER_APPICON_NAME = AppIcon;
				ASSETCATALOG_COMPILER_GLOBAL_ACCENT_COLOR_NAME = AccentColor;
				CODE_SIGN_STYLE = Automatic;
				CURRENT_PROJECT_VERSION = 1;
				DEVELOPMENT_ASSET_PATHS = "\"Landmarks/Preview Content\"";
				DEVELOPMENT_TEAM = YZLRPD47Q8;
				ENABLE_PREVIEWS = YES;
				GENERATE_INFOPLIST_FILE = YES;
				INFOPLIST_KEY_UIApplicationSceneManifest_Generation = YES;
				INFOPLIST_KEY_UIApplicationSupportsIndirectInputEvents = YES;
				INFOPLIST_KEY_UILaunchScreen_Generation = YES;
				INFOPLIST_KEY_UISupportedInterfaceOrientations_iPad = "UIInterfaceOrientationPortrait UIInterfaceOrientationPortraitUpsideDown UIInterfaceOrientationLandscapeLeft UIInterfaceOrientationLandscapeRight";
				INFOPLIST_KEY_UISupportedInterfaceOrientations_iPhone = "UIInterfaceOrientationPortrait UIInterfaceOrientationLandscapeLeft UIInterfaceOrientationLandscapeRight";
				LD_RUNPATH_SEARCH_PATHS = (
					"$(inherited)",
					"@executable_path/Frameworks",
				);
				MARKETING_VERSION = 1.0;
				PRODUCT_BUNDLE_IDENTIFIER = "this-is-ash.Landmarks";
				PRODUCT_NAME = "$(TARGET_NAME)";
				SWIFT_EMIT_LOC_STRINGS = YES;
				SWIFT_VERSION = 5.0;
				TARGETED_DEVICE_FAMILY = "1,2";
			};
			name = Release;
		};
/* End XCBuildConfiguration section */

/* Begin XCConfigurationList section */
		5E5B908A2B6D532700936D16 /* Build configuration list for PBXProject "Landmarks" */ = {
			isa = XCConfigurationList;
			buildConfigurations = (
				5E5B909B2B6D532900936D16 /* Debug */,
				5E5B909C2B6D532900936D16 /* Release */,
			);
			defaultConfigurationIsVisible = 0;
			defaultConfigurationName = Release;
		};
		5E5B909D2B6D532900936D16 /* Build configuration list for PBXNativeTarget "Landmarks" */ = {
			isa = XCConfigurationList;
			buildConfigurations = (
				5E5B909E2B6D532900936D16 /* Debug */,
				5E5B909F2B6D532900936D16 /* Release */,
			);
			defaultConfigurationIsVisible = 0;
			defaultConfigurationName = Release;
		};
/* End XCConfigurationList section */
	};
	rootObject = 5E5B90872B6D532700936D16 /* Project object */;
}
